
Microsoft Visual Studio Solution File, Format Version 12.00
# Visual Studio Version 17
VisualStudioVersion = 17.1.32328.378
MinimumVisualStudioVersion = 10.0.40219.1
Project("{8BC9CEB8-8B4A-11D0-8D11-00A0C91BC942}") = "0426_백준", "0426_백준\0426_백준.vcxproj", "{91D2950B-18DB-4D45-BE5C-2FA85B9AAC28}"
EndProject
Project("{8BC9CEB8-8B4A-11D0-8D11-00A0C91BC942}") = "0427_백준", "0427_백준\0427_백준.vcxproj", "{490E6B89-EE65-47C7-9D55-8EB80E07DA31}"
EndProject
Global
	GlobalSection(SolutionConfigurationPlatforms) = preSolution
		Debug|x64 = Debug|x64
		Debug|x86 = Debug|x86
		Release|x64 = Release|x64
		Release|x86 = Release|x86
	EndGlobalSection
	GlobalSection(ProjectConfigurationPlatforms) = postSolution
		{91D2950B-18DB-4D45-BE5C-2FA85B9AAC28}.Debug|x64.ActiveCfg = Debug|x64
		{91D2950B-18DB-4D45-BE5C-2FA85B9AAC28}.Debug|x64.Build.0 = Debug|x64
		{91D2950B-18DB-4D45-BE5C-2FA85B9AAC28}.Debug|x86.ActiveCfg = Debug|Win32
		{91D2950B-18DB-4D45-BE5C-2FA85B9AAC28}.Debug|x86.Build.0 = Debug|Win32
		{91D2950B-18DB-4D45-BE5C-2FA85B9AAC28}.Release|x64.ActiveCfg = Release|x64
		{91D2950B-18DB-4D45-BE5C-2FA85B9AAC28}.Release|x64.Build.0 = Release|x64
		{91D2950B-18DB-4D45-BE5C-2FA85B9AAC28}.Release|x86.ActiveCfg = Release|Win32
		{91D2950B-18DB-4D45-BE5C-2FA85B9AAC28}.Release|x86.Build.0 = Release|Win32
		{490E6B89-EE65-47C7-9D55-8EB80E07DA31}.Debug|x64.ActiveCfg = Debug|x64
		{490E6B89-EE65-47C7-9D55-8EB80E07DA31}.Debug|x64.Build.0 = Debug|x64
		{490E6B89-EE65-47C7-9D55-8EB80E07DA31}.Debug|x86.ActiveCfg = Debug|Win32
		{490E6B89-EE65-47C7-9D55-8EB80E07DA31}.Debug|x86.Build.0 = Debug|Win32
		{490E6B89-EE65-47C7-9D55-8EB80E07DA31}.Release|x64.ActiveCfg = Release|x64
		{490E6B89-EE65-47C7-9D55-8EB80E07DA31}.Release|x64.Build.0 = Release|x64
		{490E6B89-EE65-47C7-9D55-8EB80E07DA31}.Release|x86.ActiveCfg = Release|Win32
		{490E6B89-EE65-47C7-9D55-8EB80E07DA31}.Release|x86.Build.0 = Release|Win32
	EndGlobalSection
	GlobalSection(SolutionProperties) = preSolution
		HideSolutionNode = FALSE
	EndGlobalSection
	GlobalSection(ExtensibilityGlobals) = postSolution
		SolutionGuid = {C710D1A3-0AAD-4B4D-8A29-A93467D0F8FE}
	EndGlobalSection
EndGlobal
